
Microsoft Visual Studio Solution File, Format Version 12.00
# Visual Studio Version 17
VisualStudioVersion = 17.8.34330.188
MinimumVisualStudioVersion = 10.0.40219.1
Project("{FAE04EC0-301F-11D3-BF4B-00C04F79EFBC}") = "MyFirstWinApp", "MyFirstWinApp\MyFirstWinApp.csproj", "{29B6E0BC-8109-492B-AB40-3D503112BA7C}"
EndProject
Global
	GlobalSection(SolutionConfigurationPlatforms) = preSolution
		Debug|Any CPU = Debug|Any CPU
		Release|Any CPU = Release|Any CPU
	EndGlobalSection
	GlobalSection(ProjectConfigurationPlatforms) = postSolution
		{29B6E0BC-8109-492B-AB40-3D503112BA7C}.Debug|Any CPU.ActiveCfg = Debug|Any CPU
		{29B6E0BC-8109-492B-AB40-3D503112BA7C}.Debug|Any CPU.Build.0 = Debug|Any CPU
		{29B6E0BC-8109-492B-AB40-3D503112BA7C}.Release|Any CPU.ActiveCfg = Release|Any CPU
		{29B6E0BC-8109-492B-AB40-3D503112BA7C}.Release|Any CPU.Build.0 = Release|Any CPU
	EndGlobalSection
	GlobalSection(SolutionProperties) = preSolution
		HideSolutionNode = FALSE
	EndGlobalSection
	GlobalSection(ExtensibilityGlobals) = postSolution
		SolutionGuid = {0B2EDE79-2760-4958-B1FB-E1F587F50D2A}
	EndGlobalSection
EndGlobal
